
Microsoft Visual Studio Solution File, Format Version 12.00
# Visual Studio Version 17
VisualStudioVersion = 17.0.32014.148
MinimumVisualStudioVersion = 10.0.40219.1
Project("{FAE04EC0-301F-11D3-BF4B-00C04F79EFBC}") = "monke", "monke\monke.csproj", "{D8CD77E3-155D-4B73-B038-A6F9C18E4CF4}"
EndProject
Global
	GlobalSection(SolutionConfigurationPlatforms) = preSolution
		Debug|Any CPU = Debug|Any CPU
		Release|Any CPU = Release|Any CPU
	EndGlobalSection
	GlobalSection(ProjectConfigurationPlatforms) = postSolution
		{D8CD77E3-155D-4B73-B038-A6F9C18E4CF4}.Debug|Any CPU.ActiveCfg = Debug|Any CPU
		{D8CD77E3-155D-4B73-B038-A6F9C18E4CF4}.Debug|Any CPU.Build.0 = Debug|Any CPU
		{D8CD77E3-155D-4B73-B038-A6F9C18E4CF4}.Release|Any CPU.ActiveCfg = Release|Any CPU
		{D8CD77E3-155D-4B73-B038-A6F9C18E4CF4}.Release|Any CPU.Build.0 = Release|Any CPU
	EndGlobalSection
	GlobalSection(SolutionProperties) = preSolution
		HideSolutionNode = FALSE
	EndGlobalSection
	GlobalSection(ExtensibilityGlobals) = postSolution
		SolutionGuid = {1A688CEB-00C1-419D-AD12-35DCEF739D33}
	EndGlobalSection
EndGlobal
